// !$*UTF8*$!
{
	archiveVersion = 1;
	classes = {
	};
	objectVersion = 46;
	objects = {

/* Begin PBXBuildFile section */
		3818C14E199D7CFB00CC75A1 /* PhotoSelectionViewController.swift in Sources */ = {isa = PBXBuildFile; fileRef = 3818C14D199D7CFB00CC75A1 /* PhotoSelectionViewController.swift */; };
		3839A7E5199D71A0006EFA7D /* NetworkController.swift in Sources */ = {isa = PBXBuildFile; fileRef = 3839A7E4199D71A0006EFA7D /* NetworkController.swift */; };
		38768EF819A1A6560020FBF2 /* PhotoLibraryCell.swift in Sources */ = {isa = PBXBuildFile; fileRef = 38768EF719A1A6560020FBF2 /* PhotoLibraryCell.swift */; };
		3877A473199E684400E53963 /* Pinterest.framework in Frameworks */ = {isa = PBXBuildFile; fileRef = 3877A470199E684400E53963 /* Pinterest.framework */; };
		3877A474199E684400E53963 /* PinterestSDKResources.bundle in Resources */ = {isa = PBXBuildFile; fileRef = 3877A472199E684400E53963 /* PinterestSDKResources.bundle */; };
		388BE3A419996B9900437E8F /* AppDelegate.swift in Sources */ = {isa = PBXBuildFile; fileRef = 388BE3A319996B9900437E8F /* AppDelegate.swift */; };
		388BE3A919996B9900437E8F /* Main.storyboard in Resources */ = {isa = PBXBuildFile; fileRef = 388BE3A719996B9900437E8F /* Main.storyboard */; };
		388BE3AB19996B9900437E8F /* Images.xcassets in Resources */ = {isa = PBXBuildFile; fileRef = 388BE3AA19996B9900437E8F /* Images.xcassets */; };
		388BE3B719996B9900437E8F /* EnsoTests.swift in Sources */ = {isa = PBXBuildFile; fileRef = 388BE3B619996B9900437E8F /* EnsoTests.swift */; };
		388BE3C41999711E00437E8F /* ShareViewController.swift in Sources */ = {isa = PBXBuildFile; fileRef = 388BE3C31999711E00437E8F /* ShareViewController.swift */; };
		388BE3C61999713D00437E8F /* HaikuViewController.swift in Sources */ = {isa = PBXBuildFile; fileRef = 388BE3C51999713D00437E8F /* HaikuViewController.swift */; };
		388BE3C81999715A00437E8F /* PhotoViewController.swift in Sources */ = {isa = PBXBuildFile; fileRef = 388BE3C71999715A00437E8F /* PhotoViewController.swift */; };
		388BE3CA1999743500437E8F /* Haiku.swift in Sources */ = {isa = PBXBuildFile; fileRef = 388BE3C91999743500437E8F /* Haiku.swift */; };
		389FF7EC199E771D008F140B /* PinterestButton.m in Sources */ = {isa = PBXBuildFile; fileRef = 389FF7EB199E771D008F140B /* PinterestButton.m */; };
		38A8825F19A41F3500EAD582 /* ShareViewController.swift in Sources */ = {isa = PBXBuildFile; fileRef = 38A8825E19A41F3500EAD582 /* ShareViewController.swift */; };
		38A8826119A41F3500EAD582 /* MainInterface.storyboard in Resources */ = {isa = PBXBuildFile; fileRef = 38A8826019A41F3500EAD582 /* MainInterface.storyboard */; };
		38A8826419A41F3500EAD582 /* EnsoShareExtension.appex in Embed App Extensions */ = {isa = PBXBuildFile; fileRef = 38A8825A19A41F3500EAD582 /* EnsoShareExtension.appex */; settings = {ATTRIBUTES = (RemoveHeadersOnCopy, ); }; };
		38A8827519A41F5700EAD582 /* DocumentPickerViewController.swift in Sources */ = {isa = PBXBuildFile; fileRef = 38A8827419A41F5700EAD582 /* DocumentPickerViewController.swift */; };
		38A8827719A41F5700EAD582 /* MainInterface.storyboard in Resources */ = {isa = PBXBuildFile; fileRef = 38A8827619A41F5700EAD582 /* MainInterface.storyboard */; };
		38A8828A19A41F5700EAD582 /* EnsoDocumentProvider.appex in Embed App Extensions */ = {isa = PBXBuildFile; fileRef = 38A8826F19A41F5700EAD582 /* EnsoDocumentProvider.appex */; settings = {ATTRIBUTES = (RemoveHeadersOnCopy, ); }; };
		38A8829A19A41F9500EAD582 /* PhotosUI.framework in Frameworks */ = {isa = PBXBuildFile; fileRef = 38A8829919A41F9500EAD582 /* PhotosUI.framework */; };
		38A8829C19A41F9500EAD582 /* Photos.framework in Frameworks */ = {isa = PBXBuildFile; fileRef = 38A8829B19A41F9500EAD582 /* Photos.framework */; };
		38A882A119A41F9500EAD582 /* PhotoEditingViewController.swift in Sources */ = {isa = PBXBuildFile; fileRef = 38A882A019A41F9500EAD582 /* PhotoEditingViewController.swift */; };
		38A882A319A41F9500EAD582 /* MainInterface.storyboard in Resources */ = {isa = PBXBuildFile; fileRef = 38A882A219A41F9500EAD582 /* MainInterface.storyboard */; };
		38A882A619A41F9500EAD582 /* EnsoPhotoEditingExtension.appex in Embed App Extensions */ = {isa = PBXBuildFile; fileRef = 38A8829719A41F9500EAD582 /* EnsoPhotoEditingExtension.appex */; settings = {ATTRIBUTES = (RemoveHeadersOnCopy, ); }; };
		38CBF01D199A7DB1002652C4 /* Circle.png in Resources */ = {isa = PBXBuildFile; fileRef = 38CBF018199A7DB1002652C4 /* Circle.png */; };
		38CBF01E199A7DB1002652C4 /* Polygon.png in Resources */ = {isa = PBXBuildFile; fileRef = 38CBF019199A7DB1002652C4 /* Polygon.png */; };
		38CBF01F199A7DB1002652C4 /* Square.png in Resources */ = {isa = PBXBuildFile; fileRef = 38CBF01A199A7DB1002652C4 /* Square.png */; };
		38CBF020199A7DB1002652C4 /* Star.png in Resources */ = {isa = PBXBuildFile; fileRef = 38CBF01B199A7DB1002652C4 /* Star.png */; };
		38CBF021199A7DB1002652C4 /* Triangle.png in Resources */ = {isa = PBXBuildFile; fileRef = 38CBF01C199A7DB1002652C4 /* Triangle.png */; };
		38CBF023199A9414002652C4 /* PhotosFrameworkController.swift in Sources */ = {isa = PBXBuildFile; fileRef = 38CBF022199A9414002652C4 /* PhotosFrameworkController.swift */; };
		38CBF02A199AC041002652C4 /* MainViewController.swift in Sources */ = {isa = PBXBuildFile; fileRef = 38CBF029199AC041002652C4 /* MainViewController.swift */; };
/* End PBXBuildFile section */

/* Begin PBXContainerItemProxy section */
		388BE3B119996B9900437E8F /* PBXContainerItemProxy */ = {
			isa = PBXContainerItemProxy;
			containerPortal = 388BE39619996B9900437E8F /* Project object */;
			proxyType = 1;
			remoteGlobalIDString = 388BE39D19996B9900437E8F;
			remoteInfo = Enso;
		};
		38A8826219A41F3500EAD582 /* PBXContainerItemProxy */ = {
			isa = PBXContainerItemProxy;
			containerPortal = 388BE39619996B9900437E8F /* Project object */;
			proxyType = 1;
			remoteGlobalIDString = 38A8825919A41F3500EAD582;
			remoteInfo = EnsoShareExtension;
		};
		38A8826519A41F3500EAD582 /* PBXContainerItemProxy */ = {
			isa = PBXContainerItemProxy;
			containerPortal = 388BE39619996B9900437E8F /* Project object */;
			proxyType = 1;
			remoteGlobalIDString = 38A8825919A41F3500EAD582;
			remoteInfo = EnsoShareExtension;
		};
		38A8828819A41F5700EAD582 /* PBXContainerItemProxy */ = {
			isa = PBXContainerItemProxy;
			containerPortal = 388BE39619996B9900437E8F /* Project object */;
			proxyType = 1;
			remoteGlobalIDString = 38A8826E19A41F5700EAD582;
			remoteInfo = EnsoDocumentProvider;
		};
		38A8828B19A41F5700EAD582 /* PBXContainerItemProxy */ = {
			isa = PBXContainerItemProxy;
			containerPortal = 388BE39619996B9900437E8F /* Project object */;
			proxyType = 1;
			remoteGlobalIDString = 38A8826E19A41F5700EAD582;
			remoteInfo = EnsoDocumentProvider;
		};
		38A882A419A41F9500EAD582 /* PBXContainerItemProxy */ = {
			isa = PBXContainerItemProxy;
			containerPortal = 388BE39619996B9900437E8F /* Project object */;
			proxyType = 1;
			remoteGlobalIDString = 38A8829619A41F9500EAD582;
			remoteInfo = EnsoPhotoEditingExtension;
		};
		38A882A719A41F9500EAD582 /* PBXContainerItemProxy */ = {
			isa = PBXContainerItemProxy;
			containerPortal = 388BE39619996B9900437E8F /* Project object */;
			proxyType = 1;
			remoteGlobalIDString = 38A8829619A41F9500EAD582;
			remoteInfo = EnsoPhotoEditingExtension;
		};
/* End PBXContainerItemProxy section */

/* Begin PBXCopyFilesBuildPhase section */
		38A8826A19A41F3500EAD582 /* Embed App Extensions */ = {
			isa = PBXCopyFilesBuildPhase;
			buildActionMask = 2147483647;
			dstPath = "";
			dstSubfolderSpec = 13;
			files = (
				38A8828A19A41F5700EAD582 /* EnsoDocumentProvider.appex in Embed App Extensions */,
				38A8826419A41F3500EAD582 /* EnsoShareExtension.appex in Embed App Extensions */,
				38A882A619A41F9500EAD582 /* EnsoPhotoEditingExtension.appex in Embed App Extensions */,
			);
			name = "Embed App Extensions";
			runOnlyForDeploymentPostprocessing = 0;
		};
/* End PBXCopyFilesBuildPhase section */

/* Begin PBXFileReference section */
		3818C14D199D7CFB00CC75A1 /* PhotoSelectionViewController.swift */ = {isa = PBXFileReference; fileEncoding = 4; lastKnownFileType = sourcecode.swift; path = PhotoSelectionViewController.swift; sourceTree = "<group>"; };
		3839A7E4199D71A0006EFA7D /* NetworkController.swift */ = {isa = PBXFileReference; fileEncoding = 4; lastKnownFileType = sourcecode.swift; path = NetworkController.swift; sourceTree = "<group>"; };
		38768EF719A1A6560020FBF2 /* PhotoLibraryCell.swift */ = {isa = PBXFileReference; fileEncoding = 4; lastKnownFileType = sourcecode.swift; path = PhotoLibraryCell.swift; sourceTree = "<group>"; };
		3877A470199E684400E53963 /* Pinterest.framework */ = {isa = PBXFileReference; lastKnownFileType = wrapper.framework; path = Pinterest.framework; sourceTree = "<group>"; };
		3877A472199E684400E53963 /* PinterestSDKResources.bundle */ = {isa = PBXFileReference; lastKnownFileType = "wrapper.plug-in"; path = PinterestSDKResources.bundle; sourceTree = "<group>"; };
		3877A475199E68B400E53963 /* Enso-Bridging-Header.h */ = {isa = PBXFileReference; lastKnownFileType = sourcecode.c.h; path = "Enso-Bridging-Header.h"; sourceTree = "<group>"; };
		388BE39E19996B9900437E8F /* Enso.app */ = {isa = PBXFileReference; explicitFileType = wrapper.application; includeInIndex = 0; path = Enso.app; sourceTree = BUILT_PRODUCTS_DIR; };
		388BE3A219996B9900437E8F /* Info.plist */ = {isa = PBXFileReference; lastKnownFileType = text.plist.xml; path = Info.plist; sourceTree = "<group>"; };
		388BE3A319996B9900437E8F /* AppDelegate.swift */ = {isa = PBXFileReference; lastKnownFileType = sourcecode.swift; path = AppDelegate.swift; sourceTree = "<group>"; };
		388BE3A819996B9900437E8F /* Base */ = {isa = PBXFileReference; lastKnownFileType = file.storyboard; name = Base; path = Base.lproj/Main.storyboard; sourceTree = "<group>"; };
		388BE3AA19996B9900437E8F /* Images.xcassets */ = {isa = PBXFileReference; lastKnownFileType = folder.assetcatalog; path = Images.xcassets; sourceTree = "<group>"; };
		388BE3B019996B9900437E8F /* EnsoTests.xctest */ = {isa = PBXFileReference; explicitFileType = wrapper.cfbundle; includeInIndex = 0; path = EnsoTests.xctest; sourceTree = BUILT_PRODUCTS_DIR; };
		388BE3B519996B9900437E8F /* Info.plist */ = {isa = PBXFileReference; lastKnownFileType = text.plist.xml; path = Info.plist; sourceTree = "<group>"; };
		388BE3B619996B9900437E8F /* EnsoTests.swift */ = {isa = PBXFileReference; lastKnownFileType = sourcecode.swift; path = EnsoTests.swift; sourceTree = "<group>"; };
		388BE3C31999711E00437E8F /* ShareViewController.swift */ = {isa = PBXFileReference; fileEncoding = 4; lastKnownFileType = sourcecode.swift; path = ShareViewController.swift; sourceTree = "<group>"; };
		388BE3C51999713D00437E8F /* HaikuViewController.swift */ = {isa = PBXFileReference; fileEncoding = 4; lastKnownFileType = sourcecode.swift; path = HaikuViewController.swift; sourceTree = "<group>"; };
		388BE3C71999715A00437E8F /* PhotoViewController.swift */ = {isa = PBXFileReference; fileEncoding = 4; lastKnownFileType = sourcecode.swift; path = PhotoViewController.swift; sourceTree = "<group>"; };
		388BE3C91999743500437E8F /* Haiku.swift */ = {isa = PBXFileReference; fileEncoding = 4; lastKnownFileType = sourcecode.swift; path = Haiku.swift; sourceTree = "<group>"; };
		389FF7EA199E771D008F140B /* PinterestButton.h */ = {isa = PBXFileReference; fileEncoding = 4; lastKnownFileType = sourcecode.c.h; path = PinterestButton.h; sourceTree = "<group>"; };
		389FF7EB199E771D008F140B /* PinterestButton.m */ = {isa = PBXFileReference; fileEncoding = 4; lastKnownFileType = sourcecode.c.objc; path = PinterestButton.m; sourceTree = "<group>"; };
		38A8825A19A41F3500EAD582 /* EnsoShareExtension.appex */ = {isa = PBXFileReference; explicitFileType = "wrapper.app-extension"; includeInIndex = 0; path = EnsoShareExtension.appex; sourceTree = BUILT_PRODUCTS_DIR; };
		38A8825D19A41F3500EAD582 /* Info.plist */ = {isa = PBXFileReference; lastKnownFileType = text.plist.xml; path = Info.plist; sourceTree = "<group>"; };
		38A8825E19A41F3500EAD582 /* ShareViewController.swift */ = {isa = PBXFileReference; lastKnownFileType = sourcecode.swift; path = ShareViewController.swift; sourceTree = "<group>"; };
		38A8826019A41F3500EAD582 /* MainInterface.storyboard */ = {isa = PBXFileReference; lastKnownFileType = file.storyboard; path = MainInterface.storyboard; sourceTree = "<group>"; };
		38A8826F19A41F5700EAD582 /* EnsoDocumentProvider.appex */ = {isa = PBXFileReference; explicitFileType = "wrapper.app-extension"; includeInIndex = 0; path = EnsoDocumentProvider.appex; sourceTree = BUILT_PRODUCTS_DIR; };
		38A8827219A41F5700EAD582 /* Info.plist */ = {isa = PBXFileReference; lastKnownFileType = text.plist.xml; path = Info.plist; sourceTree = "<group>"; };
		38A8827319A41F5700EAD582 /* EnsoDocumentProvider.entitlements */ = {isa = PBXFileReference; lastKnownFileType = text.xml; path = EnsoDocumentProvider.entitlements; sourceTree = "<group>"; };
		38A8827419A41F5700EAD582 /* DocumentPickerViewController.swift */ = {isa = PBXFileReference; lastKnownFileType = sourcecode.swift; path = DocumentPickerViewController.swift; sourceTree = "<group>"; };
		38A8827619A41F5700EAD582 /* MainInterface.storyboard */ = {isa = PBXFileReference; lastKnownFileType = file.storyboard; path = MainInterface.storyboard; sourceTree = "<group>"; };
		38A8827F19A41F5700EAD582 /* Info.plist */ = {isa = PBXFileReference; lastKnownFileType = text.plist.xml; path = Info.plist; sourceTree = "<group>"; };
		38A8828019A41F5700EAD582 /* EnsoDocumentProviderFileProvider.entitlements */ = {isa = PBXFileReference; lastKnownFileType = text.xml; path = EnsoDocumentProviderFileProvider.entitlements; sourceTree = "<group>"; };
		38A8828119A41F5700EAD582 /* FileProvider.swift */ = {isa = PBXFileReference; lastKnownFileType = sourcecode.swift; path = FileProvider.swift; sourceTree = "<group>"; };
		38A8829719A41F9500EAD582 /* EnsoPhotoEditingExtension.appex */ = {isa = PBXFileReference; explicitFileType = "wrapper.app-extension"; includeInIndex = 0; path = EnsoPhotoEditingExtension.appex; sourceTree = BUILT_PRODUCTS_DIR; };
		38A8829919A41F9500EAD582 /* PhotosUI.framework */ = {isa = PBXFileReference; lastKnownFileType = wrapper.framework; name = PhotosUI.framework; path = System/Library/Frameworks/PhotosUI.framework; sourceTree = SDKROOT; };
		38A8829B19A41F9500EAD582 /* Photos.framework */ = {isa = PBXFileReference; lastKnownFileType = wrapper.framework; name = Photos.framework; path = System/Library/Frameworks/Photos.framework; sourceTree = SDKROOT; };
		38A8829F19A41F9500EAD582 /* Info.plist */ = {isa = PBXFileReference; lastKnownFileType = text.plist.xml; path = Info.plist; sourceTree = "<group>"; };
		38A882A019A41F9500EAD582 /* PhotoEditingViewController.swift */ = {isa = PBXFileReference; lastKnownFileType = sourcecode.swift; path = PhotoEditingViewController.swift; sourceTree = "<group>"; };
		38A882A219A41F9500EAD582 /* MainInterface.storyboard */ = {isa = PBXFileReference; lastKnownFileType = file.storyboard; path = MainInterface.storyboard; sourceTree = "<group>"; };
		38CBF018199A7DB1002652C4 /* Circle.png */ = {isa = PBXFileReference; lastKnownFileType = image.png; path = Circle.png; sourceTree = "<group>"; };
		38CBF019199A7DB1002652C4 /* Polygon.png */ = {isa = PBXFileReference; lastKnownFileType = image.png; path = Polygon.png; sourceTree = "<group>"; };
		38CBF01A199A7DB1002652C4 /* Square.png */ = {isa = PBXFileReference; lastKnownFileType = image.png; path = Square.png; sourceTree = "<group>"; };
		38CBF01B199A7DB1002652C4 /* Star.png */ = {isa = PBXFileReference; lastKnownFileType = image.png; path = Star.png; sourceTree = "<group>"; };
		38CBF01C199A7DB1002652C4 /* Triangle.png */ = {isa = PBXFileReference; lastKnownFileType = image.png; path = Triangle.png; sourceTree = "<group>"; };
		38CBF022199A9414002652C4 /* PhotosFrameworkController.swift */ = {isa = PBXFileReference; fileEncoding = 4; lastKnownFileType = sourcecode.swift; path = PhotosFrameworkController.swift; sourceTree = "<group>"; };
		38CBF029199AC041002652C4 /* MainViewController.swift */ = {isa = PBXFileReference; fileEncoding = 4; lastKnownFileType = sourcecode.swift; path = MainViewController.swift; sourceTree = "<group>"; };
/* End PBXFileReference section */

/* Begin PBXFrameworksBuildPhase section */
		388BE39B19996B9900437E8F /* Frameworks */ = {
			isa = PBXFrameworksBuildPhase;
			buildActionMask = 2147483647;
			files = (
				3877A473199E684400E53963 /* Pinterest.framework in Frameworks */,
			);
			runOnlyForDeploymentPostprocessing = 0;
		};
		388BE3AD19996B9900437E8F /* Frameworks */ = {
			isa = PBXFrameworksBuildPhase;
			buildActionMask = 2147483647;
			files = (
			);
			runOnlyForDeploymentPostprocessing = 0;
		};
		38A8825719A41F3500EAD582 /* Frameworks */ = {
			isa = PBXFrameworksBuildPhase;
			buildActionMask = 2147483647;
			files = (
			);
			runOnlyForDeploymentPostprocessing = 0;
		};
		38A8826C19A41F5700EAD582 /* Frameworks */ = {
			isa = PBXFrameworksBuildPhase;
			buildActionMask = 2147483647;
			files = (
			);
			runOnlyForDeploymentPostprocessing = 0;
		};
		38A8829419A41F9500EAD582 /* Frameworks */ = {
			isa = PBXFrameworksBuildPhase;
			buildActionMask = 2147483647;
			files = (
				38A8829A19A41F9500EAD582 /* PhotosUI.framework in Frameworks */,
				38A8829C19A41F9500EAD582 /* Photos.framework in Frameworks */,
			);
			runOnlyForDeploymentPostprocessing = 0;
		};
/* End PBXFrameworksBuildPhase section */

/* Begin PBXGroup section */
		3818C14A199D7CB100CC75A1 /* PhotoSelection */ = {
			isa = PBXGroup;
			children = (
				3818C14D199D7CFB00CC75A1 /* PhotoSelectionViewController.swift */,
			);
			name = PhotoSelection;
			sourceTree = "<group>";
		};
		3839A7E3199D7181006EFA7D /* Framework Controllers */ = {
			isa = PBXGroup;
			children = (
				38CBF022199A9414002652C4 /* PhotosFrameworkController.swift */,
				3839A7E4199D71A0006EFA7D /* NetworkController.swift */,
			);
			name = "Framework Controllers";
			sourceTree = "<group>";
		};
		3877A46F199E684400E53963 /* Pinterest.embeddedframework */ = {
			isa = PBXGroup;
			children = (
				3877A470199E684400E53963 /* Pinterest.framework */,
				3877A471199E684400E53963 /* Resources */,
			);
			path = Pinterest.embeddedframework;
			sourceTree = "<group>";
		};
		3877A471199E684400E53963 /* Resources */ = {
			isa = PBXGroup;
			children = (
				3877A472199E684400E53963 /* PinterestSDKResources.bundle */,
			);
			path = Resources;
			sourceTree = "<group>";
		};
		388BE39519996B9900437E8F = {
			isa = PBXGroup;
			children = (
				388BE3A019996B9900437E8F /* Enso */,
				388BE3B319996B9900437E8F /* EnsoTests */,
				38A8825B19A41F3500EAD582 /* EnsoShareExtension */,
				38A8827019A41F5700EAD582 /* EnsoDocumentProvider */,
				38A8827D19A41F5700EAD582 /* EnsoDocumentProviderFileProvider */,
				38A8829D19A41F9500EAD582 /* EnsoPhotoEditingExtension */,
				38A8829819A41F9500EAD582 /* Frameworks */,
				388BE39F19996B9900437E8F /* Products */,
				3877A46F199E684400E53963 /* Pinterest.embeddedframework */,
			);
			sourceTree = "<group>";
		};
		388BE39F19996B9900437E8F /* Products */ = {
			isa = PBXGroup;
			children = (
				388BE39E19996B9900437E8F /* Enso.app */,
				388BE3B019996B9900437E8F /* EnsoTests.xctest */,
				38A8825A19A41F3500EAD582 /* EnsoShareExtension.appex */,
				38A8826F19A41F5700EAD582 /* EnsoDocumentProvider.appex */,
				38A8829719A41F9500EAD582 /* EnsoPhotoEditingExtension.appex */,
			);
			name = Products;
			sourceTree = "<group>";
		};
		388BE3A019996B9900437E8F /* Enso */ = {
			isa = PBXGroup;
			children = (
				388BE3A319996B9900437E8F /* AppDelegate.swift */,
				388BE3A719996B9900437E8F /* Main.storyboard */,
				3877A475199E68B400E53963 /* Enso-Bridging-Header.h */,
				388BE3C119996CCA00437E8F /* Model */,
				388BE3C019996CC400437E8F /* Controller */,
				388BE3C219996CD900437E8F /* View */,
				388BE3AA19996B9900437E8F /* Images.xcassets */,
				38CBF017199A7DB1002652C4 /* Stock icons */,
				388BE3A119996B9900437E8F /* Supporting Files */,
			);
			path = Enso;
			sourceTree = "<group>";
		};
		388BE3A119996B9900437E8F /* Supporting Files */ = {
			isa = PBXGroup;
			children = (
				388BE3A219996B9900437E8F /* Info.plist */,
			);
			name = "Supporting Files";
			sourceTree = "<group>";
		};
		388BE3B319996B9900437E8F /* EnsoTests */ = {
			isa = PBXGroup;
			children = (
				388BE3B619996B9900437E8F /* EnsoTests.swift */,
				388BE3B419996B9900437E8F /* Supporting Files */,
			);
			path = EnsoTests;
			sourceTree = "<group>";
		};
		388BE3B419996B9900437E8F /* Supporting Files */ = {
			isa = PBXGroup;
			children = (
				388BE3B519996B9900437E8F /* Info.plist */,
			);
			name = "Supporting Files";
			sourceTree = "<group>";
		};
		388BE3C019996CC400437E8F /* Controller */ = {
			isa = PBXGroup;
			children = (
				38CBF029199AC041002652C4 /* MainViewController.swift */,
				388BE3C51999713D00437E8F /* HaikuViewController.swift */,
				388BE3C71999715A00437E8F /* PhotoViewController.swift */,
				388BE3C31999711E00437E8F /* ShareViewController.swift */,
				3839A7E3199D7181006EFA7D /* Framework Controllers */,
				3818C14A199D7CB100CC75A1 /* PhotoSelection */,
			);
			name = Controller;
			sourceTree = "<group>";
		};
		388BE3C119996CCA00437E8F /* Model */ = {
			isa = PBXGroup;
			children = (
				388BE3C91999743500437E8F /* Haiku.swift */,
			);
			name = Model;
			sourceTree = "<group>";
		};
		388BE3C219996CD900437E8F /* View */ = {
			isa = PBXGroup;
			children = (
				38768EF719A1A6560020FBF2 /* PhotoLibraryCell.swift */,
				389FF7EA199E771D008F140B /* PinterestButton.h */,
				389FF7EB199E771D008F140B /* PinterestButton.m */,
			);
			name = View;
			sourceTree = "<group>";
		};
		38A8825B19A41F3500EAD582 /* EnsoShareExtension */ = {
			isa = PBXGroup;
			children = (
				38A8825E19A41F3500EAD582 /* ShareViewController.swift */,
				38A8826019A41F3500EAD582 /* MainInterface.storyboard */,
				38A8825C19A41F3500EAD582 /* Supporting Files */,
			);
			path = EnsoShareExtension;
			sourceTree = "<group>";
		};
		38A8825C19A41F3500EAD582 /* Supporting Files */ = {
			isa = PBXGroup;
			children = (
				38A8825D19A41F3500EAD582 /* Info.plist */,
			);
			name = "Supporting Files";
			sourceTree = "<group>";
		};
		38A8827019A41F5700EAD582 /* EnsoDocumentProvider */ = {
			isa = PBXGroup;
			children = (
				38A8827419A41F5700EAD582 /* DocumentPickerViewController.swift */,
				38A8827619A41F5700EAD582 /* MainInterface.storyboard */,
				38A8827119A41F5700EAD582 /* Supporting Files */,
			);
			path = EnsoDocumentProvider;
			sourceTree = "<group>";
		};
		38A8827119A41F5700EAD582 /* Supporting Files */ = {
			isa = PBXGroup;
			children = (
				38A8827219A41F5700EAD582 /* Info.plist */,
				38A8827319A41F5700EAD582 /* EnsoDocumentProvider.entitlements */,
			);
			name = "Supporting Files";
			sourceTree = "<group>";
		};
		38A8827D19A41F5700EAD582 /* EnsoDocumentProviderFileProvider */ = {
			isa = PBXGroup;
			children = (
				38A8828119A41F5700EAD582 /* FileProvider.swift */,
				38A8827E19A41F5700EAD582 /* Supporting Files */,
			);
			path = EnsoDocumentProviderFileProvider;
			sourceTree = "<group>";
		};
		38A8827E19A41F5700EAD582 /* Supporting Files */ = {
			isa = PBXGroup;
			children = (
				38A8827F19A41F5700EAD582 /* Info.plist */,
				38A8828019A41F5700EAD582 /* EnsoDocumentProviderFileProvider.entitlements */,
			);
			name = "Supporting Files";
			sourceTree = "<group>";
		};
		38A8829819A41F9500EAD582 /* Frameworks */ = {
			isa = PBXGroup;
			children = (
				38A8829919A41F9500EAD582 /* PhotosUI.framework */,
				38A8829B19A41F9500EAD582 /* Photos.framework */,
			);
			name = Frameworks;
			sourceTree = "<group>";
		};
		38A8829D19A41F9500EAD582 /* EnsoPhotoEditingExtension */ = {
			isa = PBXGroup;
			children = (
				38A882A019A41F9500EAD582 /* PhotoEditingViewController.swift */,
				38A882A219A41F9500EAD582 /* MainInterface.storyboard */,
				38A8829E19A41F9500EAD582 /* Supporting Files */,
			);
			path = EnsoPhotoEditingExtension;
			sourceTree = "<group>";
		};
		38A8829E19A41F9500EAD582 /* Supporting Files */ = {
			isa = PBXGroup;
			children = (
				38A8829F19A41F9500EAD582 /* Info.plist */,
			);
			name = "Supporting Files";
			sourceTree = "<group>";
		};
		38CBF017199A7DB1002652C4 /* Stock icons */ = {
			isa = PBXGroup;
			children = (
				38CBF018199A7DB1002652C4 /* Circle.png */,
				38CBF019199A7DB1002652C4 /* Polygon.png */,
				38CBF01A199A7DB1002652C4 /* Square.png */,
				38CBF01B199A7DB1002652C4 /* Star.png */,
				38CBF01C199A7DB1002652C4 /* Triangle.png */,
			);
			path = "Stock icons";
			sourceTree = "<group>";
		};
/* End PBXGroup section */

/* Begin PBXNativeTarget section */
		388BE39D19996B9900437E8F /* Enso */ = {
			isa = PBXNativeTarget;
			buildConfigurationList = 388BE3BA19996B9900437E8F /* Build configuration list for PBXNativeTarget "Enso" */;
			buildPhases = (
				388BE39A19996B9900437E8F /* Sources */,
				388BE39B19996B9900437E8F /* Frameworks */,
				388BE39C19996B9900437E8F /* Resources */,
				38A8826A19A41F3500EAD582 /* Embed App Extensions */,
			);
			buildRules = (
			);
			dependencies = (
				38A8826319A41F3500EAD582 /* PBXTargetDependency */,
				38A8826619A41F3500EAD582 /* PBXTargetDependency */,
				38A8828919A41F5700EAD582 /* PBXTargetDependency */,
				38A8828C19A41F5700EAD582 /* PBXTargetDependency */,
				38A882A519A41F9500EAD582 /* PBXTargetDependency */,
				38A882A819A41F9500EAD582 /* PBXTargetDependency */,
			);
			name = Enso;
			productName = Enso;
			productReference = 388BE39E19996B9900437E8F /* Enso.app */;
			productType = "com.apple.product-type.application";
		};
		388BE3AF19996B9900437E8F /* EnsoTests */ = {
			isa = PBXNativeTarget;
			buildConfigurationList = 388BE3BD19996B9900437E8F /* Build configuration list for PBXNativeTarget "EnsoTests" */;
			buildPhases = (
				388BE3AC19996B9900437E8F /* Sources */,
				388BE3AD19996B9900437E8F /* Frameworks */,
				388BE3AE19996B9900437E8F /* Resources */,
			);
			buildRules = (
			);
			dependencies = (
				388BE3B219996B9900437E8F /* PBXTargetDependency */,
			);
			name = EnsoTests;
			productName = EnsoTests;
			productReference = 388BE3B019996B9900437E8F /* EnsoTests.xctest */;
			productType = "com.apple.product-type.bundle.unit-test";
		};
		38A8825919A41F3500EAD582 /* EnsoShareExtension */ = {
			isa = PBXNativeTarget;
			buildConfigurationList = 38A8826919A41F3500EAD582 /* Build configuration list for PBXNativeTarget "EnsoShareExtension" */;
			buildPhases = (
				38A8825619A41F3500EAD582 /* Sources */,
				38A8825719A41F3500EAD582 /* Frameworks */,
				38A8825819A41F3500EAD582 /* Resources */,
			);
			buildRules = (
			);
			dependencies = (
			);
			name = EnsoShareExtension;
			productName = EnsoShareExtension;
			productReference = 38A8825A19A41F3500EAD582 /* EnsoShareExtension.appex */;
			productType = "com.apple.product-type.app-extension";
		};
		38A8826E19A41F5700EAD582 /* EnsoDocumentProvider */ = {
			isa = PBXNativeTarget;
			buildConfigurationList = 38A8829019A41F5700EAD582 /* Build configuration list for PBXNativeTarget "EnsoDocumentProvider" */;
			buildPhases = (
				38A8826B19A41F5700EAD582 /* Sources */,
				38A8826C19A41F5700EAD582 /* Frameworks */,
				38A8826D19A41F5700EAD582 /* Resources */,
			);
			buildRules = (
			);
			dependencies = (
			);
			name = EnsoDocumentProvider;
			productName = EnsoDocumentProvider;
			productReference = 38A8826F19A41F5700EAD582 /* EnsoDocumentProvider.appex */;
			productType = "com.apple.product-type.app-extension";
		};
		38A8829619A41F9500EAD582 /* EnsoPhotoEditingExtension */ = {
			isa = PBXNativeTarget;
			buildConfigurationList = 38A882A919A41F9500EAD582 /* Build configuration list for PBXNativeTarget "EnsoPhotoEditingExtension" */;
			buildPhases = (
				38A8829319A41F9500EAD582 /* Sources */,
				38A8829419A41F9500EAD582 /* Frameworks */,
				38A8829519A41F9500EAD582 /* Resources */,
			);
			buildRules = (
			);
			dependencies = (
			);
			name = EnsoPhotoEditingExtension;
			productName = EnsoPhotoEditingExtension;
			productReference = 38A8829719A41F9500EAD582 /* EnsoPhotoEditingExtension.appex */;
			productType = "com.apple.product-type.app-extension";
		};
/* End PBXNativeTarget section */

/* Begin PBXProject section */
		388BE39619996B9900437E8F /* Project object */ = {
			isa = PBXProject;
			attributes = {
				LastUpgradeCheck = 0600;
				ORGANIZATIONNAME = "Leonardo Lee";
				TargetAttributes = {
					388BE39D19996B9900437E8F = {
						CreatedOnToolsVersion = 6.0;
					};
					388BE3AF19996B9900437E8F = {
						CreatedOnToolsVersion = 6.0;
						TestTargetID = 388BE39D19996B9900437E8F;
					};
					38A8825919A41F3500EAD582 = {
						CreatedOnToolsVersion = 6.0;
					};
					38A8826E19A41F5700EAD582 = {
						CreatedOnToolsVersion = 6.0;
					};
					38A8829619A41F9500EAD582 = {
						CreatedOnToolsVersion = 6.0;
					};
				};
			};
			buildConfigurationList = 388BE39919996B9900437E8F /* Build configuration list for PBXProject "Enso" */;
			compatibilityVersion = "Xcode 3.2";
			developmentRegion = English;
			hasScannedForEncodings = 0;
			knownRegions = (
				en,
				Base,
			);
			mainGroup = 388BE39519996B9900437E8F;
			productRefGroup = 388BE39F19996B9900437E8F /* Products */;
			projectDirPath = "";
			projectRoot = "";
			targets = (
				388BE39D19996B9900437E8F /* Enso */,
				388BE3AF19996B9900437E8F /* EnsoTests */,
				38A8825919A41F3500EAD582 /* EnsoShareExtension */,
				38A8829619A41F9500EAD582 /* EnsoPhotoEditingExtension */,
				38A8826E19A41F5700EAD582 /* EnsoDocumentProvider */,
			);
		};
/* End PBXProject section */

/* Begin PBXResourcesBuildPhase section */
		388BE39C19996B9900437E8F /* Resources */ = {
			isa = PBXResourcesBuildPhase;
			buildActionMask = 2147483647;
			files = (
				38CBF01F199A7DB1002652C4 /* Square.png in Resources */,
				388BE3A919996B9900437E8F /* Main.storyboard in Resources */,
				38CBF01D199A7DB1002652C4 /* Circle.png in Resources */,
				38CBF020199A7DB1002652C4 /* Star.png in Resources */,
				38CBF01E199A7DB1002652C4 /* Polygon.png in Resources */,
				388BE3AB19996B9900437E8F /* Images.xcassets in Resources */,
				38CBF021199A7DB1002652C4 /* Triangle.png in Resources */,
				3877A474199E684400E53963 /* PinterestSDKResources.bundle in Resources */,
			);
			runOnlyForDeploymentPostprocessing = 0;
		};
		388BE3AE19996B9900437E8F /* Resources */ = {
			isa = PBXResourcesBuildPhase;
			buildActionMask = 2147483647;
			files = (
			);
			runOnlyForDeploymentPostprocessing = 0;
		};
		38A8825819A41F3500EAD582 /* Resources */ = {
			isa = PBXResourcesBuildPhase;
			buildActionMask = 2147483647;
			files = (
				38A8826119A41F3500EAD582 /* MainInterface.storyboard in Resources */,
			);
			runOnlyForDeploymentPostprocessing = 0;
		};
		38A8826D19A41F5700EAD582 /* Resources */ = {
			isa = PBXResourcesBuildPhase;
			buildActionMask = 2147483647;
			files = (
				38A8827719A41F5700EAD582 /* MainInterface.storyboard in Resources */,
			);
			runOnlyForDeploymentPostprocessing = 0;
		};
		38A8829519A41F9500EAD582 /* Resources */ = {
			isa = PBXResourcesBuildPhase;
			buildActionMask = 2147483647;
			files = (
				38A882A319A41F9500EAD582 /* MainInterface.storyboard in Resources */,
			);
			runOnlyForDeploymentPostprocessing = 0;
		};
/* End PBXResourcesBuildPhase section */

/* Begin PBXSourcesBuildPhase section */
		388BE39A19996B9900437E8F /* Sources */ = {
			isa = PBXSourcesBuildPhase;
			buildActionMask = 2147483647;
			files = (
				389FF7EC199E771D008F140B /* PinterestButton.m in Sources */,
				388BE3C41999711E00437E8F /* ShareViewController.swift in Sources */,
				388BE3C61999713D00437E8F /* HaikuViewController.swift in Sources */,
				38CBF023199A9414002652C4 /* PhotosFrameworkController.swift in Sources */,
				388BE3A419996B9900437E8F /* AppDelegate.swift in Sources */,
				388BE3CA1999743500437E8F /* Haiku.swift in Sources */,
				3818C14E199D7CFB00CC75A1 /* PhotoSelectionViewController.swift in Sources */,
				38768EF819A1A6560020FBF2 /* PhotoLibraryCell.swift in Sources */,
				388BE3C81999715A00437E8F /* PhotoViewController.swift in Sources */,
				38CBF02A199AC041002652C4 /* MainViewController.swift in Sources */,
				3839A7E5199D71A0006EFA7D /* NetworkController.swift in Sources */,
			);
			runOnlyForDeploymentPostprocessing = 0;
		};
		388BE3AC19996B9900437E8F /* Sources */ = {
			isa = PBXSourcesBuildPhase;
			buildActionMask = 2147483647;
			files = (
				388BE3B719996B9900437E8F /* EnsoTests.swift in Sources */,
			);
			runOnlyForDeploymentPostprocessing = 0;
		};
		38A8825619A41F3500EAD582 /* Sources */ = {
			isa = PBXSourcesBuildPhase;
			buildActionMask = 2147483647;
			files = (
				38A8825F19A41F3500EAD582 /* ShareViewController.swift in Sources */,
			);
			runOnlyForDeploymentPostprocessing = 0;
		};
		38A8826B19A41F5700EAD582 /* Sources */ = {
			isa = PBXSourcesBuildPhase;
			buildActionMask = 2147483647;
			files = (
				38A8827519A41F5700EAD582 /* DocumentPickerViewController.swift in Sources */,
			);
			runOnlyForDeploymentPostprocessing = 0;
		};
		38A8829319A41F9500EAD582 /* Sources */ = {
			isa = PBXSourcesBuildPhase;
			buildActionMask = 2147483647;
			files = (
				38A882A119A41F9500EAD582 /* PhotoEditingViewController.swift in Sources */,
			);
			runOnlyForDeploymentPostprocessing = 0;
		};
/* End PBXSourcesBuildPhase section */

/* Begin PBXTargetDependency section */
		388BE3B219996B9900437E8F /* PBXTargetDependency */ = {
			isa = PBXTargetDependency;
			target = 388BE39D19996B9900437E8F /* Enso */;
			targetProxy = 388BE3B119996B9900437E8F /* PBXContainerItemProxy */;
		};
		38A8826319A41F3500EAD582 /* PBXTargetDependency */ = {
			isa = PBXTargetDependency;
			target = 38A8825919A41F3500EAD582 /* EnsoShareExtension */;
			targetProxy = 38A8826219A41F3500EAD582 /* PBXContainerItemProxy */;
		};
		38A8826619A41F3500EAD582 /* PBXTargetDependency */ = {
			isa = PBXTargetDependency;
			target = 38A8825919A41F3500EAD582 /* EnsoShareExtension */;
			targetProxy = 38A8826519A41F3500EAD582 /* PBXContainerItemProxy */;
		};
		38A8828919A41F5700EAD582 /* PBXTargetDependency */ = {
			isa = PBXTargetDependency;
			target = 38A8826E19A41F5700EAD582 /* EnsoDocumentProvider */;
			targetProxy = 38A8828819A41F5700EAD582 /* PBXContainerItemProxy */;
		};
		38A8828C19A41F5700EAD582 /* PBXTargetDependency */ = {
			isa = PBXTargetDependency;
			target = 38A8826E19A41F5700EAD582 /* EnsoDocumentProvider */;
			targetProxy = 38A8828B19A41F5700EAD582 /* PBXContainerItemProxy */;
		};
		38A882A519A41F9500EAD582 /* PBXTargetDependency */ = {
			isa = PBXTargetDependency;
			target = 38A8829619A41F9500EAD582 /* EnsoPhotoEditingExtension */;
			targetProxy = 38A882A419A41F9500EAD582 /* PBXContainerItemProxy */;
		};
		38A882A819A41F9500EAD582 /* PBXTargetDependency */ = {
			isa = PBXTargetDependency;
			target = 38A8829619A41F9500EAD582 /* EnsoPhotoEditingExtension */;
			targetProxy = 38A882A719A41F9500EAD582 /* PBXContainerItemProxy */;
		};
/* End PBXTargetDependency section */

/* Begin PBXVariantGroup section */
		388BE3A719996B9900437E8F /* Main.storyboard */ = {
			isa = PBXVariantGroup;
			children = (
				388BE3A819996B9900437E8F /* Base */,
			);
			name = Main.storyboard;
			sourceTree = "<group>";
		};
/* End PBXVariantGroup section */

/* Begin XCBuildConfiguration section */
		388BE3B819996B9900437E8F /* Debug */ = {
			isa = XCBuildConfiguration;
			buildSettings = {
				ALWAYS_SEARCH_USER_PATHS = NO;
				CLANG_CXX_LANGUAGE_STANDARD = "gnu++0x";
				CLANG_CXX_LIBRARY = "libc++";
				CLANG_ENABLE_MODULES = YES;
				CLANG_ENABLE_OBJC_ARC = YES;
				CLANG_WARN_BOOL_CONVERSION = YES;
				CLANG_WARN_CONSTANT_CONVERSION = YES;
				CLANG_WARN_DIRECT_OBJC_ISA_USAGE = YES_ERROR;
				CLANG_WARN_EMPTY_BODY = YES;
				CLANG_WARN_ENUM_CONVERSION = YES;
				CLANG_WARN_INT_CONVERSION = YES;
				CLANG_WARN_OBJC_ROOT_CLASS = YES_ERROR;
				CLANG_WARN_UNREACHABLE_CODE = YES;
				CLANG_WARN__DUPLICATE_METHOD_MATCH = YES;
				"CODE_SIGN_IDENTITY[sdk=iphoneos*]" = "iPhone Developer";
				COPY_PHASE_STRIP = NO;
				ENABLE_STRICT_OBJC_MSGSEND = YES;
				GCC_C_LANGUAGE_STANDARD = gnu99;
				GCC_DYNAMIC_NO_PIC = NO;
				GCC_OPTIMIZATION_LEVEL = 0;
				GCC_PREPROCESSOR_DEFINITIONS = (
					"DEBUG=1",
					"$(inherited)",
				);
				GCC_SYMBOLS_PRIVATE_EXTERN = NO;
				GCC_WARN_64_TO_32_BIT_CONVERSION = YES;
				GCC_WARN_ABOUT_RETURN_TYPE = YES_ERROR;
				GCC_WARN_UNDECLARED_SELECTOR = YES;
				GCC_WARN_UNINITIALIZED_AUTOS = YES_AGGRESSIVE;
				GCC_WARN_UNUSED_FUNCTION = YES;
				GCC_WARN_UNUSED_VARIABLE = YES;
				IPHONEOS_DEPLOYMENT_TARGET = 8.0;
				MTL_ENABLE_DEBUG_INFO = YES;
				ONLY_ACTIVE_ARCH = YES;
				SDKROOT = iphoneos;
				SWIFT_OPTIMIZATION_LEVEL = "-Onone";
				TARGETED_DEVICE_FAMILY = "1,2";
			};
			name = Debug;
		};
		388BE3B919996B9900437E8F /* Release */ = {
			isa = XCBuildConfiguration;
			buildSettings = {
				ALWAYS_SEARCH_USER_PATHS = NO;
				CLANG_CXX_LANGUAGE_STANDARD = "gnu++0x";
				CLANG_CXX_LIBRARY = "libc++";
				CLANG_ENABLE_MODULES = YES;
				CLANG_ENABLE_OBJC_ARC = YES;
				CLANG_WARN_BOOL_CONVERSION = YES;
				CLANG_WARN_CONSTANT_CONVERSION = YES;
				CLANG_WARN_DIRECT_OBJC_ISA_USAGE = YES_ERROR;
				CLANG_WARN_EMPTY_BODY = YES;
				CLANG_WARN_ENUM_CONVERSION = YES;
				CLANG_WARN_INT_CONVERSION = YES;
				CLANG_WARN_OBJC_ROOT_CLASS = YES_ERROR;
				CLANG_WARN_UNREACHABLE_CODE = YES;
				CLANG_WARN__DUPLICATE_METHOD_MATCH = YES;
				"CODE_SIGN_IDENTITY[sdk=iphoneos*]" = "iPhone Developer";
				COPY_PHASE_STRIP = YES;
				ENABLE_NS_ASSERTIONS = NO;
				ENABLE_STRICT_OBJC_MSGSEND = YES;
				GCC_C_LANGUAGE_STANDARD = gnu99;
				GCC_WARN_64_TO_32_BIT_CONVERSION = YES;
				GCC_WARN_ABOUT_RETURN_TYPE = YES_ERROR;
				GCC_WARN_UNDECLARED_SELECTOR = YES;
				GCC_WARN_UNINITIALIZED_AUTOS = YES_AGGRESSIVE;
				GCC_WARN_UNUSED_FUNCTION = YES;
				GCC_WARN_UNUSED_VARIABLE = YES;
				IPHONEOS_DEPLOYMENT_TARGET = 8.0;
				MTL_ENABLE_DEBUG_INFO = NO;
				SDKROOT = iphoneos;
				TARGETED_DEVICE_FAMILY = "1,2";
				VALIDATE_PRODUCT = YES;
			};
			name = Release;
		};
		388BE3BB19996B9900437E8F /* Debug */ = {
			isa = XCBuildConfiguration;
			buildSettings = {
				ASSETCATALOG_COMPILER_APPICON_NAME = AppIcon;
				ASSETCATALOG_COMPILER_LAUNCHIMAGE_NAME = LaunchImage;
				CLANG_ENABLE_MODULES = YES;
				FRAMEWORK_SEARCH_PATHS = (
					"$(inherited)",
					"$(PROJECT_DIR)/Pinterest.embeddedframework",
				);
				INFOPLIST_FILE = Enso/Info.plist;
				LD_RUNPATH_SEARCH_PATHS = "$(inherited) @executable_path/Frameworks";
				PRODUCT_NAME = "$(TARGET_NAME)";
				SWIFT_OBJC_BRIDGING_HEADER = "Enso/Enso-Bridging-Header.h";
				SWIFT_OPTIMIZATION_LEVEL = "-Onone";
			};
			name = Debug;
		};
		388BE3BC19996B9900437E8F /* Release */ = {
			isa = XCBuildConfiguration;
			buildSettings = {
				ASSETCATALOG_COMPILER_APPICON_NAME = AppIcon;
				ASSETCATALOG_COMPILER_LAUNCHIMAGE_NAME = LaunchImage;
				CLANG_ENABLE_MODULES = YES;
				FRAMEWORK_SEARCH_PATHS = (
					"$(inherited)",
					"$(PROJECT_DIR)/Pinterest.embeddedframework",
				);
				INFOPLIST_FILE = Enso/Info.plist;
				LD_RUNPATH_SEARCH_PATHS = "$(inherited) @executable_path/Frameworks";
				PRODUCT_NAME = "$(TARGET_NAME)";
				SWIFT_OBJC_BRIDGING_HEADER = "Enso/Enso-Bridging-Header.h";
			};
			name = Release;
		};
		388BE3BE19996B9900437E8F /* Debug */ = {
			isa = XCBuildConfiguration;
			buildSettings = {
				BUNDLE_LOADER = "$(TEST_HOST)";
				FRAMEWORK_SEARCH_PATHS = (
					"$(SDKROOT)/Developer/Library/Frameworks",
					"$(inherited)",
				);
				GCC_PREPROCESSOR_DEFINITIONS = (
					"DEBUG=1",
					"$(inherited)",
				);
				INFOPLIST_FILE = EnsoTests/Info.plist;
				LD_RUNPATH_SEARCH_PATHS = "$(inherited) @executable_path/Frameworks @loader_path/Frameworks";
				PRODUCT_NAME = "$(TARGET_NAME)";
				TEST_HOST = "$(BUILT_PRODUCTS_DIR)/Enso.app/Enso";
			};
			name = Debug;
		};
		388BE3BF19996B9900437E8F /* Release */ = {
			isa = XCBuildConfiguration;
			buildSettings = {
				BUNDLE_LOADER = "$(TEST_HOST)";
				FRAMEWORK_SEARCH_PATHS = (
					"$(SDKROOT)/Developer/Library/Frameworks",
					"$(inherited)",
				);
				INFOPLIST_FILE = EnsoTests/Info.plist;
				LD_RUNPATH_SEARCH_PATHS = "$(inherited) @executable_path/Frameworks @loader_path/Frameworks";
				PRODUCT_NAME = "$(TARGET_NAME)";
				TEST_HOST = "$(BUILT_PRODUCTS_DIR)/Enso.app/Enso";
			};
			name = Release;
		};
		38A8826719A41F3500EAD582 /* Debug */ = {
			isa = XCBuildConfiguration;
			buildSettings = {
				GCC_PREPROCESSOR_DEFINITIONS = (
					"DEBUG=1",
					"$(inherited)",
				);
				INFOPLIST_FILE = EnsoShareExtension/Info.plist;
				LD_RUNPATH_SEARCH_PATHS = "$(inherited) @executable_path/Frameworks @executable_path/../../Frameworks";
				PRODUCT_NAME = "$(TARGET_NAME)";
				SKIP_INSTALL = YES;
			};
			name = Debug;
		};
		38A8826819A41F3500EAD582 /* Release */ = {
			isa = XCBuildConfiguration;
			buildSettings = {
				INFOPLIST_FILE = EnsoShareExtension/Info.plist;
				LD_RUNPATH_SEARCH_PATHS = "$(inherited) @executable_path/Frameworks @executable_path/../../Frameworks";
				PRODUCT_NAME = "$(TARGET_NAME)";
				SKIP_INSTALL = YES;
			};
			name = Release;
		};
		38A8829119A41F5700EAD582 /* Debug */ = {
			isa = XCBuildConfiguration;
			buildSettings = {
				CODE_SIGN_ENTITLEMENTS = EnsoDocumentProvider/EnsoDocumentProvider.entitlements;
				GCC_PREPROCESSOR_DEFINITIONS = (
					"DEBUG=1",
					"$(inherited)",
				);
				INFOPLIST_FILE = EnsoDocumentProvider/Info.plist;
				LD_RUNPATH_SEARCH_PATHS = "$(inherited) @executable_path/Frameworks @executable_path/../../Frameworks";
				PRODUCT_NAME = "$(TARGET_NAME)";
				SKIP_INSTALL = YES;
			};
			name = Debug;
		};
		38A8829219A41F5700EAD582 /* Release */ = {
			isa = XCBuildConfiguration;
			buildSettings = {
				CODE_SIGN_ENTITLEMENTS = EnsoDocumentProvider/EnsoDocumentProvider.entitlements;
				INFOPLIST_FILE = EnsoDocumentProvider/Info.plist;
				LD_RUNPATH_SEARCH_PATHS = "$(inherited) @executable_path/Frameworks @executable_path/../../Frameworks";
				PRODUCT_NAME = "$(TARGET_NAME)";
				SKIP_INSTALL = YES;
			};
			name = Release;
		};
		38A882AA19A41F9500EAD582 /* Debug */ = {
			isa = XCBuildConfiguration;
			buildSettings = {
				GCC_PREPROCESSOR_DEFINITIONS = (
					"DEBUG=1",
					"$(inherited)",
				);
				INFOPLIST_FILE = EnsoPhotoEditingExtension/Info.plist;
				LD_RUNPATH_SEARCH_PATHS = "$(inherited) @executable_path/Frameworks @executable_path/../../Frameworks";
				PRODUCT_NAME = "$(TARGET_NAME)";
				SKIP_INSTALL = YES;
			};
			name = Debug;
		};
		38A882AB19A41F9500EAD582 /* Release */ = {
			isa = XCBuildConfiguration;
			buildSettings = {
				INFOPLIST_FILE = EnsoPhotoEditingExtension/Info.plist;
				LD_RUNPATH_SEARCH_PATHS = "$(inherited) @executable_path/Frameworks @executable_path/../../Frameworks";
				PRODUCT_NAME = "$(TARGET_NAME)";
				SKIP_INSTALL = YES;
			};
			name = Release;
		};
/* End XCBuildConfiguration section */

/* Begin XCConfigurationList section */
		388BE39919996B9900437E8F /* Build configuration list for PBXProject "Enso" */ = {
			isa = XCConfigurationList;
			buildConfigurations = (
				388BE3B819996B9900437E8F /* Debug */,
				388BE3B919996B9900437E8F /* Release */,
			);
			defaultConfigurationIsVisible = 0;
			defaultConfigurationName = Release;
		};
		388BE3BA19996B9900437E8F /* Build configuration list for PBXNativeTarget "Enso" */ = {
			isa = XCConfigurationList;
			buildConfigurations = (
				388BE3BB19996B9900437E8F /* Debug */,
				388BE3BC19996B9900437E8F /* Release */,
			);
			defaultConfigurationIsVisible = 0;
			defaultConfigurationName = Release;
		};
		388BE3BD19996B9900437E8F /* Build configuration list for PBXNativeTarget "EnsoTests" */ = {
			isa = XCConfigurationList;
			buildConfigurations = (
				388BE3BE19996B9900437E8F /* Debug */,
				388BE3BF19996B9900437E8F /* Release */,
			);
			defaultConfigurationIsVisible = 0;
			defaultConfigurationName = Release;
		};
		38A8826919A41F3500EAD582 /* Build configuration list for PBXNativeTarget "EnsoShareExtension" */ = {
			isa = XCConfigurationList;
			buildConfigurations = (
				38A8826719A41F3500EAD582 /* Debug */,
				38A8826819A41F3500EAD582 /* Release */,
			);
			defaultConfigurationIsVisible = 0;
		};
		38A8829019A41F5700EAD582 /* Build configuration list for PBXNativeTarget "EnsoDocumentProvider" */ = {
			isa = XCConfigurationList;
			buildConfigurations = (
				38A8829119A41F5700EAD582 /* Debug */,
				38A8829219A41F5700EAD582 /* Release */,
			);
			defaultConfigurationIsVisible = 0;
		};
		38A882A919A41F9500EAD582 /* Build configuration list for PBXNativeTarget "EnsoPhotoEditingExtension" */ = {
			isa = XCConfigurationList;
			buildConfigurations = (
				38A882AA19A41F9500EAD582 /* Debug */,
				38A882AB19A41F9500EAD582 /* Release */,
			);
			defaultConfigurationIsVisible = 0;
		};
/* End XCConfigurationList section */
	};
	rootObject = 388BE39619996B9900437E8F /* Project object */;
}
